
Microsoft Visual Studio Solution File, Format Version 12.00
# Visual Studio Version 17
VisualStudioVersion = 17.0.31903.59
MinimumVisualStudioVersion = 10.0.40219.1
Project("{2150E333-8FDC-42A3-9474-1A3956D46DE8}") = "src", "src", "{827E0CD3-B72D-47B6-A68D-7590B98EB39B}"
EndProject
Project("{FAE04EC0-301F-11D3-BF4B-00C04F79EFBC}") = "Infralynx.Web", "src\Infralynx.Web\Infralynx.Web.csproj", "{6528658B-89A5-47DE-A9B7-119A18D1749D}"
EndProject
Project("{FAE04EC0-301F-11D3-BF4B-00C04F79EFBC}") = "Infralynx.Core", "src\Infralynx.Core\Infralynx.Core.csproj", "{63CFD9EC-B868-4711-BD3B-E9EC9A723596}"
EndProject
Project("{FAE04EC0-301F-11D3-BF4B-00C04F79EFBC}") = "Infralynx.Data", "src\Infralynx.Data\Infralynx.Data.csproj", "{0402FE42-35B8-4522-8A51-C3A0847D9189}"
EndProject
Global
	GlobalSection(SolutionConfigurationPlatforms) = preSolution
		Debug|Any CPU = Debug|Any CPU
		Debug|x64 = Debug|x64
		Debug|x86 = Debug|x86
		Release|Any CPU = Release|Any CPU
		Release|x64 = Release|x64
		Release|x86 = Release|x86
	EndGlobalSection
	GlobalSection(ProjectConfigurationPlatforms) = postSolution
		{6528658B-89A5-47DE-A9B7-119A18D1749D}.Debug|Any CPU.ActiveCfg = Debug|Any CPU
		{6528658B-89A5-47DE-A9B7-119A18D1749D}.Debug|Any CPU.Build.0 = Debug|Any CPU
		{6528658B-89A5-47DE-A9B7-119A18D1749D}.Debug|x64.ActiveCfg = Debug|Any CPU
		{6528658B-89A5-47DE-A9B7-119A18D1749D}.Debug|x64.Build.0 = Debug|Any CPU
		{6528658B-89A5-47DE-A9B7-119A18D1749D}.Debug|x86.ActiveCfg = Debug|Any CPU
		{6528658B-89A5-47DE-A9B7-119A18D1749D}.Debug|x86.Build.0 = Debug|Any CPU
		{6528658B-89A5-47DE-A9B7-119A18D1749D}.Release|Any CPU.ActiveCfg = Release|Any CPU
		{6528658B-89A5-47DE-A9B7-119A18D1749D}.Release|Any CPU.Build.0 = Release|Any CPU
		{6528658B-89A5-47DE-A9B7-119A18D1749D}.Release|x64.ActiveCfg = Release|Any CPU
		{6528658B-89A5-47DE-A9B7-119A18D1749D}.Release|x64.Build.0 = Release|Any CPU
		{6528658B-89A5-47DE-A9B7-119A18D1749D}.Release|x86.ActiveCfg = Release|Any CPU
		{6528658B-89A5-47DE-A9B7-119A18D1749D}.Release|x86.Build.0 = Release|Any CPU
		{63CFD9EC-B868-4711-BD3B-E9EC9A723596}.Debug|Any CPU.ActiveCfg = Debug|Any CPU
		{63CFD9EC-B868-4711-BD3B-E9EC9A723596}.Debug|Any CPU.Build.0 = Debug|Any CPU
		{63CFD9EC-B868-4711-BD3B-E9EC9A723596}.Debug|x64.ActiveCfg = Debug|Any CPU
		{63CFD9EC-B868-4711-BD3B-E9EC9A723596}.Debug|x64.Build.0 = Debug|Any CPU
		{63CFD9EC-B868-4711-BD3B-E9EC9A723596}.Debug|x86.ActiveCfg = Debug|Any CPU
		{63CFD9EC-B868-4711-BD3B-E9EC9A723596}.Debug|x86.Build.0 = Debug|Any CPU
		{63CFD9EC-B868-4711-BD3B-E9EC9A723596}.Release|Any CPU.ActiveCfg = Release|Any CPU
		{63CFD9EC-B868-4711-BD3B-E9EC9A723596}.Release|Any CPU.Build.0 = Release|Any CPU
		{63CFD9EC-B868-4711-BD3B-E9EC9A723596}.Release|x64.ActiveCfg = Release|Any CPU
		{63CFD9EC-B868-4711-BD3B-E9EC9A723596}.Release|x64.Build.0 = Release|Any CPU
		{63CFD9EC-B868-4711-BD3B-E9EC9A723596}.Release|x86.ActiveCfg = Release|Any CPU
		{63CFD9EC-B868-4711-BD3B-E9EC9A723596}.Release|x86.Build.0 = Release|Any CPU
		{0402FE42-35B8-4522-8A51-C3A0847D9189}.Debug|Any CPU.ActiveCfg = Debug|Any CPU
		{0402FE42-35B8-4522-8A51-C3A0847D9189}.Debug|Any CPU.Build.0 = Debug|Any CPU
		{0402FE42-35B8-4522-8A51-C3A0847D9189}.Debug|x64.ActiveCfg = Debug|Any CPU
		{0402FE42-35B8-4522-8A51-C3A0847D9189}.Debug|x64.Build.0 = Debug|Any CPU
		{0402FE42-35B8-4522-8A51-C3A0847D9189}.Debug|x86.ActiveCfg = Debug|Any CPU
		{0402FE42-35B8-4522-8A51-C3A0847D9189}.Debug|x86.Build.0 = Debug|Any CPU
		{0402FE42-35B8-4522-8A51-C3A0847D9189}.Release|Any CPU.ActiveCfg = Release|Any CPU
		{0402FE42-35B8-4522-8A51-C3A0847D9189}.Release|Any CPU.Build.0 = Release|Any CPU
		{0402FE42-35B8-4522-8A51-C3A0847D9189}.Release|x64.ActiveCfg = Release|Any CPU
		{0402FE42-35B8-4522-8A51-C3A0847D9189}.Release|x64.Build.0 = Release|Any CPU
		{0402FE42-35B8-4522-8A51-C3A0847D9189}.Release|x86.ActiveCfg = Release|Any CPU
		{0402FE42-35B8-4522-8A51-C3A0847D9189}.Release|x86.Build.0 = Release|Any CPU
	EndGlobalSection
	GlobalSection(SolutionProperties) = preSolution
		HideSolutionNode = FALSE
	EndGlobalSection
	GlobalSection(NestedProjects) = preSolution
		{6528658B-89A5-47DE-A9B7-119A18D1749D} = {827E0CD3-B72D-47B6-A68D-7590B98EB39B}
		{63CFD9EC-B868-4711-BD3B-E9EC9A723596} = {827E0CD3-B72D-47B6-A68D-7590B98EB39B}
		{0402FE42-35B8-4522-8A51-C3A0847D9189} = {827E0CD3-B72D-47B6-A68D-7590B98EB39B}
	EndGlobalSection
EndGlobal
